
Microsoft Visual Studio Solution File, Format Version 12.00
# Visual Studio 15
VisualStudioVersion = 15.0.27703.2026
MinimumVisualStudioVersion = 10.0.40219.1
Project("{FAE04EC0-301F-11D3-BF4B-00C04F79EFBC}") = "SimpleBlog", "SimpleBlog\SimpleBlog.csproj", "{1974F299-03D8-49C6-B609-2A1D66318277}"
EndProject
Global
	GlobalSection(SolutionConfigurationPlatforms) = preSolution
		Debug|Any CPU = Debug|Any CPU
		Release|Any CPU = Release|Any CPU
	EndGlobalSection
	GlobalSection(ProjectConfigurationPlatforms) = postSolution
		{1974F299-03D8-49C6-B609-2A1D66318277}.Debug|Any CPU.ActiveCfg = Debug|Any CPU
		{1974F299-03D8-49C6-B609-2A1D66318277}.Debug|Any CPU.Build.0 = Debug|Any CPU
		{1974F299-03D8-49C6-B609-2A1D66318277}.Release|Any CPU.ActiveCfg = Release|Any CPU
		{1974F299-03D8-49C6-B609-2A1D66318277}.Release|Any CPU.Build.0 = Release|Any CPU
	EndGlobalSection
	GlobalSection(SolutionProperties) = preSolution
		HideSolutionNode = FALSE
	EndGlobalSection
	GlobalSection(ExtensibilityGlobals) = postSolution
		SolutionGuid = {35263509-FA45-447F-9BB4-60A86340D980}
	EndGlobalSection
EndGlobal
